
Microsoft Visual Studio Solution File, Format Version 12.00
# Visual Studio Version 16
VisualStudioVersion = 16.0.29911.84
MinimumVisualStudioVersion = 10.0.40219.1
Project("{2150E333-8FDC-42A3-9474-1A3956D46DE8}") = "Test", "Test", "{5054F9BD-CEF8-44C3-BA6B-B36745297033}"
EndProject
Project("{2150E333-8FDC-42A3-9474-1A3956D46DE8}") = "XpoProviders", "XpoProviders", "{65D2D6D7-D5E9-4F1B-980F-D441438C47C9}"
EndProject
Project("{2150E333-8FDC-42A3-9474-1A3956D46DE8}") = "Solution Items", "Solution Items", "{44F72346-A680-4B98-B961-90309381E4A1}"
	ProjectSection(SolutionItems) = preProject
		..\build.cake = ..\build.cake
		..\Clean.bat = ..\Clean.bat
		Directory.Build.props = Directory.Build.props
		Notes.txt = Notes.txt
		..\README.md = ..\README.md
	EndProjectSection
EndProject
Project("{2150E333-8FDC-42A3-9474-1A3956D46DE8}") = "Demos", "Demos", "{C206063D-E21A-483B-A4DA-889B26BDB782}"
EndProject
Project("{2150E333-8FDC-42A3-9474-1A3956D46DE8}") = "XpoWebApi", "XpoWebApi", "{0EDE70C5-7703-49AD-A019-BE3EB8BA4118}"
EndProject
Project("{2150E333-8FDC-42A3-9474-1A3956D46DE8}") = "XpoWebApi", "XpoWebApi", "{B8B43C7C-9225-4477-AD6C-919AAED2B998}"
EndProject
Project("{9A19103F-16F7-4668-BE54-9A1E7A4F7556}") = "BIT.Data.Transfer.RestClientNet.Tests", "Tests\BIT.AspNetCore.Tests\BIT.Data.Transfer.RestClientNet.Tests.csproj", "{6F3EFB9C-D8AF-490F-9AE5-5740ABDBD56A}"
EndProject
Project("{9A19103F-16F7-4668-BE54-9A1E7A4F7556}") = "BIT.Xpo.Providers.WebApi.Test", "Tests\BIT.Xpo.Providers.WebApi.Test\BIT.Xpo.Providers.WebApi.Test.csproj", "{81A985E9-22E5-46F7-94DF-A6669856991B}"
EndProject
Project("{2150E333-8FDC-42A3-9474-1A3956D46DE8}") = "Xpo", "Xpo", "{C2E2B542-E077-4962-A1F6-1FDD8930AB78}"
EndProject
Project("{9A19103F-16F7-4668-BE54-9A1E7A4F7556}") = "BIT.Xpo", "Xpo\BIT.Data.Xpo\BIT.Xpo.csproj", "{3F7F8451-75F0-471A-A83E-ACFA5F1F25F0}"
EndProject
Project("{9A19103F-16F7-4668-BE54-9A1E7A4F7556}") = "BIT.Xpo.Functions.GIS", "Xpo\BIT.Xpo.Functions\BIT.Xpo.Functions.GIS.csproj", "{FC79875A-2312-4227-AB15-2FD0CA811348}"
EndProject
Project("{9A19103F-16F7-4668-BE54-9A1E7A4F7556}") = "XpoDemoOrm", "Demos\XpoDemoOrm\XpoDemoOrm.csproj", "{5AE784FF-8622-46A3-A156-39E2FFA8A883}"
EndProject
Project("{9A19103F-16F7-4668-BE54-9A1E7A4F7556}") = "BIT.AspNetCore.Xpo", "Xpo\BIT.AspNetCore.Xpo\BIT.AspNetCore.Xpo.csproj", "{C4396657-DC12-4D0A-8816-C5D0DB025151}"
EndProject
Project("{9A19103F-16F7-4668-BE54-9A1E7A4F7556}") = "BIT.Xpo.Tests", "Tests\BIT.Xpo.Tests\BIT.Xpo.Tests.csproj", "{7968C09D-CAB1-4759-A81F-8D18B83A9393}"
EndProject
Project("{9A19103F-16F7-4668-BE54-9A1E7A4F7556}") = "TestServer", "Tests\TestServer\TestServer.csproj", "{09126E7A-153D-4356-809B-DABF75A59B1D}"
EndProject
Project("{2150E333-8FDC-42A3-9474-1A3956D46DE8}") = "Core", "Core", "{7B41AE89-EAB7-43CC-A775-213E368E4EA4}"
EndProject
Project("{9A19103F-16F7-4668-BE54-9A1E7A4F7556}") = "BIT.Data", "Core\BIT.Data\BIT.Data.csproj", "{A2FE64BF-7479-4B13-ADA1-EA2E80A95E13}"
EndProject
Project("{9A19103F-16F7-4668-BE54-9A1E7A4F7556}") = "BIT.AspNetCore", "Core\BIT.AspNetCore\BIT.AspNetCore.csproj", "{ACD0FCE6-6ED4-4A58-8453-301DEDDBFC46}"
EndProject
Project("{9A19103F-16F7-4668-BE54-9A1E7A4F7556}") = "BIT.Data.Transfer.RestClientNet", "Core\BIT.Data.Transfer.RestClientNet\BIT.Data.Transfer.RestClientNet.csproj", "{DC46BD11-FEB3-454F-B700-AC148E69C76B}"
EndProject
Project("{9A19103F-16F7-4668-BE54-9A1E7A4F7556}") = "BIT.Data.Db.SqliteMultiTarget", "Core\BIT.Data.Db.SqliteMultiTarget\BIT.Data.Db.SqliteMultiTarget.csproj", "{94425B0A-2A99-45EF-BE6E-F2194ED8EF89}"
EndProject
Project("{9A19103F-16F7-4668-BE54-9A1E7A4F7556}") = "BIT.Data.Tests", "Tests\BIT.Data.Tests\BIT.Data.Tests.csproj", "{86F8567A-5C06-49DF-8CDA-D6CDD50B6360}"
EndProject
Project("{9A19103F-16F7-4668-BE54-9A1E7A4F7556}") = "_build", "build\_build.csproj", "{850FB3C5-D27C-4E99-8EC5-822DCD5C483D}"
EndProject
Project("{9A19103F-16F7-4668-BE54-9A1E7A4F7556}") = "Test.Shared", "Tests\Test.Shared\Test.Shared.csproj", "{803B76E8-371A-418A-954E-0B19B568EA57}"
EndProject
Project("{2150E333-8FDC-42A3-9474-1A3956D46DE8}") = "Singular", "Singular", "{BE832DF6-3463-40E4-BF3F-CEEAC4009F60}"
EndProject
Project("{9A19103F-16F7-4668-BE54-9A1E7A4F7556}") = "BIT.SingularOrm", "Singular\BIT.SingularOrm\BIT.SingularOrm.csproj", "{C9E0268E-168E-4E81-BB73-5F3865E913AD}"
EndProject
Project("{9A19103F-16F7-4668-BE54-9A1E7A4F7556}") = "BIT.SingularOrm.Xpo", "Singular\BIT.SingularOrm.Xpo\BIT.SingularOrm.Xpo.csproj", "{7D447F4A-8B82-46EE-8AFA-9C0E89A5D35D}"
EndProject
Project("{9A19103F-16F7-4668-BE54-9A1E7A4F7556}") = "BIT.SingularOrm.Tests", "Tests\BIT.SingularOrm.Tests\BIT.SingularOrm.Tests.csproj", "{42FB8725-8528-49DB-8A9B-D56FBE53F280}"
EndProject
Project("{9A19103F-16F7-4668-BE54-9A1E7A4F7556}") = "BIT.SingularOrm.Cosmonaut", "Singular\BIT.SingularOrm.Cosmonaut\BIT.SingularOrm.Cosmonaut.csproj", "{C3F5BD4F-6D1D-445A-B17D-81F2D2DE4147}"
EndProject
Project("{9A19103F-16F7-4668-BE54-9A1E7A4F7556}") = "BIT.SingularOrm.EntityFramework", "BIT.SingularOrm.EntityFramework\BIT.SingularOrm.EntityFramework.csproj", "{365BD28B-9615-44B0-8A22-2EE817541981}"
EndProject
Project("{FAE04EC0-301F-11D3-BF4B-00C04F79EFBC}") = "TestServer.NetFramework", "Tests\TestServer.NetFramework\TestServer.NetFramework.csproj", "{CF7B83A2-57DB-4A73-B846-6B6785A24F99}"
EndProject
Project("{FAE04EC0-301F-11D3-BF4B-00C04F79EFBC}") = "TestServer.NetFramework.Tests", "Tests\TestServer.NetFramework.Tests\TestServer.NetFramework.Tests.csproj", "{E0C11C10-12F1-4A9C-A522-681E0DF01E74}"
EndProject
Project("{9A19103F-16F7-4668-BE54-9A1E7A4F7556}") = "BIT.Xpo.Providers.WebApi.AspNetCore", "XpoProviders\XpoWebApi\BIT.Xpo.Providers.WebApi.AspNetCore\BIT.Xpo.Providers.WebApi.AspNetCore.csproj", "{4F45A2FE-7C48-4980-B983-6C5F36013C29}"
EndProject
Project("{9A19103F-16F7-4668-BE54-9A1E7A4F7556}") = "BIT.Xpo.Providers.WebApi.Client.RestClientNet", "XpoProviders\XpoWebApi\BIT.Xpo.Providers.Network.Http.Client.RestClientNet\BIT.Xpo.Providers.WebApi.Client.RestClientNet.csproj", "{ADECD640-AA4B-424D-81BB-E5D703B988B6}"
EndProject
Project("{9A19103F-16F7-4668-BE54-9A1E7A4F7556}") = "BIT.Xpo.Providers.WebApi.Client", "XpoProviders\XpoWebApi\BIT.Xpo.Providers.WebApi.Client\BIT.Xpo.Providers.WebApi.Client.csproj", "{ED19C4A5-4EF4-476C-958C-15731C6975C0}"
EndProject
Project("{9A19103F-16F7-4668-BE54-9A1E7A4F7556}") = "BIT.Xpo.Providers.CipherSQLite", "XpoProviders\BIT.Xpo.Providers.CipherSQLiteConnectionProvider\BIT.Xpo.Providers.CipherSQLite.csproj", "{062C4297-625A-424D-B0CD-35EAD66D57F4}"
EndProject
Project("{9A19103F-16F7-4668-BE54-9A1E7A4F7556}") = "BIT.Xpo.Providers.WebApi.AspNet", "XpoProviders\XpoWebApi\BIT.Xpo.Providers.WebApi.AspNet\BIT.Xpo.Providers.WebApi.AspNet.csproj", "{AF76018C-13D3-4201-875B-680CA98FF620}"
EndProject
Project("{9A19103F-16F7-4668-BE54-9A1E7A4F7556}") = "XpoWebApiAspNetCore", "Demos\XpoWebApi\XpoWebApiAspNetCore\XpoWebApiAspNetCore.csproj", "{7F7BD9DC-0A1F-4185-B1AF-FBF0EFD3C906}"
EndProject
Project("{9A19103F-16F7-4668-BE54-9A1E7A4F7556}") = "ConsoleClient", "Demos\XpoWebApi\ConsoleClient\ConsoleClient.csproj", "{BB4F2124-6694-4F7E-A310-1B483355CBE8}"
EndProject
Global
	GlobalSection(SolutionConfigurationPlatforms) = preSolution
		Debug|Any CPU = Debug|Any CPU
		Debug|x86 = Debug|x86
		Release|Any CPU = Release|Any CPU
		Release|x86 = Release|x86
	EndGlobalSection
	GlobalSection(ProjectConfigurationPlatforms) = postSolution
		{6F3EFB9C-D8AF-490F-9AE5-5740ABDBD56A}.Debug|Any CPU.ActiveCfg = Debug|Any CPU
		{6F3EFB9C-D8AF-490F-9AE5-5740ABDBD56A}.Debug|Any CPU.Build.0 = Debug|Any CPU
		{6F3EFB9C-D8AF-490F-9AE5-5740ABDBD56A}.Debug|x86.ActiveCfg = Debug|Any CPU
		{6F3EFB9C-D8AF-490F-9AE5-5740ABDBD56A}.Debug|x86.Build.0 = Debug|Any CPU
		{6F3EFB9C-D8AF-490F-9AE5-5740ABDBD56A}.Release|Any CPU.ActiveCfg = Release|Any CPU
		{6F3EFB9C-D8AF-490F-9AE5-5740ABDBD56A}.Release|Any CPU.Build.0 = Release|Any CPU
		{6F3EFB9C-D8AF-490F-9AE5-5740ABDBD56A}.Release|x86.ActiveCfg = Release|Any CPU
		{6F3EFB9C-D8AF-490F-9AE5-5740ABDBD56A}.Release|x86.Build.0 = Release|Any CPU
		{81A985E9-22E5-46F7-94DF-A6669856991B}.Debug|Any CPU.ActiveCfg = Debug|Any CPU
		{81A985E9-22E5-46F7-94DF-A6669856991B}.Debug|Any CPU.Build.0 = Debug|Any CPU
		{81A985E9-22E5-46F7-94DF-A6669856991B}.Debug|x86.ActiveCfg = Debug|Any CPU
		{81A985E9-22E5-46F7-94DF-A6669856991B}.Debug|x86.Build.0 = Debug|Any CPU
		{81A985E9-22E5-46F7-94DF-A6669856991B}.Release|Any CPU.ActiveCfg = Release|Any CPU
		{81A985E9-22E5-46F7-94DF-A6669856991B}.Release|Any CPU.Build.0 = Release|Any CPU
		{81A985E9-22E5-46F7-94DF-A6669856991B}.Release|x86.ActiveCfg = Release|Any CPU
		{81A985E9-22E5-46F7-94DF-A6669856991B}.Release|x86.Build.0 = Release|Any CPU
		{3F7F8451-75F0-471A-A83E-ACFA5F1F25F0}.Debug|Any CPU.ActiveCfg = Debug|Any CPU
		{3F7F8451-75F0-471A-A83E-ACFA5F1F25F0}.Debug|Any CPU.Build.0 = Debug|Any CPU
		{3F7F8451-75F0-471A-A83E-ACFA5F1F25F0}.Debug|x86.ActiveCfg = Debug|Any CPU
		{3F7F8451-75F0-471A-A83E-ACFA5F1F25F0}.Debug|x86.Build.0 = Debug|Any CPU
		{3F7F8451-75F0-471A-A83E-ACFA5F1F25F0}.Release|Any CPU.ActiveCfg = Release|Any CPU
		{3F7F8451-75F0-471A-A83E-ACFA5F1F25F0}.Release|Any CPU.Build.0 = Release|Any CPU
		{3F7F8451-75F0-471A-A83E-ACFA5F1F25F0}.Release|x86.ActiveCfg = Release|Any CPU
		{3F7F8451-75F0-471A-A83E-ACFA5F1F25F0}.Release|x86.Build.0 = Release|Any CPU
		{FC79875A-2312-4227-AB15-2FD0CA811348}.Debug|Any CPU.ActiveCfg = Debug|Any CPU
		{FC79875A-2312-4227-AB15-2FD0CA811348}.Debug|Any CPU.Build.0 = Debug|Any CPU
		{FC79875A-2312-4227-AB15-2FD0CA811348}.Debug|x86.ActiveCfg = Debug|Any CPU
		{FC79875A-2312-4227-AB15-2FD0CA811348}.Debug|x86.Build.0 = Debug|Any CPU
		{FC79875A-2312-4227-AB15-2FD0CA811348}.Release|Any CPU.ActiveCfg = Release|Any CPU
		{FC79875A-2312-4227-AB15-2FD0CA811348}.Release|Any CPU.Build.0 = Release|Any CPU
		{FC79875A-2312-4227-AB15-2FD0CA811348}.Release|x86.ActiveCfg = Release|Any CPU
		{FC79875A-2312-4227-AB15-2FD0CA811348}.Release|x86.Build.0 = Release|Any CPU
		{5AE784FF-8622-46A3-A156-39E2FFA8A883}.Debug|Any CPU.ActiveCfg = Debug|Any CPU
		{5AE784FF-8622-46A3-A156-39E2FFA8A883}.Debug|Any CPU.Build.0 = Debug|Any CPU
		{5AE784FF-8622-46A3-A156-39E2FFA8A883}.Debug|x86.ActiveCfg = Debug|Any CPU
		{5AE784FF-8622-46A3-A156-39E2FFA8A883}.Debug|x86.Build.0 = Debug|Any CPU
		{5AE784FF-8622-46A3-A156-39E2FFA8A883}.Release|Any CPU.ActiveCfg = Release|Any CPU
		{5AE784FF-8622-46A3-A156-39E2FFA8A883}.Release|Any CPU.Build.0 = Release|Any CPU
		{5AE784FF-8622-46A3-A156-39E2FFA8A883}.Release|x86.ActiveCfg = Release|Any CPU
		{5AE784FF-8622-46A3-A156-39E2FFA8A883}.Release|x86.Build.0 = Release|Any CPU
		{C4396657-DC12-4D0A-8816-C5D0DB025151}.Debug|Any CPU.ActiveCfg = Debug|Any CPU
		{C4396657-DC12-4D0A-8816-C5D0DB025151}.Debug|Any CPU.Build.0 = Debug|Any CPU
		{C4396657-DC12-4D0A-8816-C5D0DB025151}.Debug|x86.ActiveCfg = Debug|Any CPU
		{C4396657-DC12-4D0A-8816-C5D0DB025151}.Debug|x86.Build.0 = Debug|Any CPU
		{C4396657-DC12-4D0A-8816-C5D0DB025151}.Release|Any CPU.ActiveCfg = Release|Any CPU
		{C4396657-DC12-4D0A-8816-C5D0DB025151}.Release|Any CPU.Build.0 = Release|Any CPU
		{C4396657-DC12-4D0A-8816-C5D0DB025151}.Release|x86.ActiveCfg = Release|Any CPU
		{C4396657-DC12-4D0A-8816-C5D0DB025151}.Release|x86.Build.0 = Release|Any CPU
		{7968C09D-CAB1-4759-A81F-8D18B83A9393}.Debug|Any CPU.ActiveCfg = Debug|Any CPU
		{7968C09D-CAB1-4759-A81F-8D18B83A9393}.Debug|Any CPU.Build.0 = Debug|Any CPU
		{7968C09D-CAB1-4759-A81F-8D18B83A9393}.Debug|x86.ActiveCfg = Debug|Any CPU
		{7968C09D-CAB1-4759-A81F-8D18B83A9393}.Debug|x86.Build.0 = Debug|Any CPU
		{7968C09D-CAB1-4759-A81F-8D18B83A9393}.Release|Any CPU.ActiveCfg = Release|Any CPU
		{7968C09D-CAB1-4759-A81F-8D18B83A9393}.Release|Any CPU.Build.0 = Release|Any CPU
		{7968C09D-CAB1-4759-A81F-8D18B83A9393}.Release|x86.ActiveCfg = Release|Any CPU
		{7968C09D-CAB1-4759-A81F-8D18B83A9393}.Release|x86.Build.0 = Release|Any CPU
		{09126E7A-153D-4356-809B-DABF75A59B1D}.Debug|Any CPU.ActiveCfg = Debug|Any CPU
		{09126E7A-153D-4356-809B-DABF75A59B1D}.Debug|Any CPU.Build.0 = Debug|Any CPU
		{09126E7A-153D-4356-809B-DABF75A59B1D}.Debug|x86.ActiveCfg = Debug|Any CPU
		{09126E7A-153D-4356-809B-DABF75A59B1D}.Debug|x86.Build.0 = Debug|Any CPU
		{09126E7A-153D-4356-809B-DABF75A59B1D}.Release|Any CPU.ActiveCfg = Release|Any CPU
		{09126E7A-153D-4356-809B-DABF75A59B1D}.Release|Any CPU.Build.0 = Release|Any CPU
		{09126E7A-153D-4356-809B-DABF75A59B1D}.Release|x86.ActiveCfg = Release|Any CPU
		{09126E7A-153D-4356-809B-DABF75A59B1D}.Release|x86.Build.0 = Release|Any CPU
		{A2FE64BF-7479-4B13-ADA1-EA2E80A95E13}.Debug|Any CPU.ActiveCfg = Debug|Any CPU
		{A2FE64BF-7479-4B13-ADA1-EA2E80A95E13}.Debug|Any CPU.Build.0 = Debug|Any CPU
		{A2FE64BF-7479-4B13-ADA1-EA2E80A95E13}.Debug|x86.ActiveCfg = Debug|Any CPU
		{A2FE64BF-7479-4B13-ADA1-EA2E80A95E13}.Debug|x86.Build.0 = Debug|Any CPU
		{A2FE64BF-7479-4B13-ADA1-EA2E80A95E13}.Release|Any CPU.ActiveCfg = Release|Any CPU
		{A2FE64BF-7479-4B13-ADA1-EA2E80A95E13}.Release|Any CPU.Build.0 = Release|Any CPU
		{A2FE64BF-7479-4B13-ADA1-EA2E80A95E13}.Release|x86.ActiveCfg = Release|Any CPU
		{A2FE64BF-7479-4B13-ADA1-EA2E80A95E13}.Release|x86.Build.0 = Release|Any CPU
		{ACD0FCE6-6ED4-4A58-8453-301DEDDBFC46}.Debug|Any CPU.ActiveCfg = Debug|Any CPU
		{ACD0FCE6-6ED4-4A58-8453-301DEDDBFC46}.Debug|Any CPU.Build.0 = Debug|Any CPU
		{ACD0FCE6-6ED4-4A58-8453-301DEDDBFC46}.Debug|x86.ActiveCfg = Debug|Any CPU
		{ACD0FCE6-6ED4-4A58-8453-301DEDDBFC46}.Debug|x86.Build.0 = Debug|Any CPU
		{ACD0FCE6-6ED4-4A58-8453-301DEDDBFC46}.Release|Any CPU.ActiveCfg = Release|Any CPU
		{ACD0FCE6-6ED4-4A58-8453-301DEDDBFC46}.Release|Any CPU.Build.0 = Release|Any CPU
		{ACD0FCE6-6ED4-4A58-8453-301DEDDBFC46}.Release|x86.ActiveCfg = Release|Any CPU
		{ACD0FCE6-6ED4-4A58-8453-301DEDDBFC46}.Release|x86.Build.0 = Release|Any CPU
		{DC46BD11-FEB3-454F-B700-AC148E69C76B}.Debug|Any CPU.ActiveCfg = Debug|Any CPU
		{DC46BD11-FEB3-454F-B700-AC148E69C76B}.Debug|Any CPU.Build.0 = Debug|Any CPU
		{DC46BD11-FEB3-454F-B700-AC148E69C76B}.Debug|x86.ActiveCfg = Debug|Any CPU
		{DC46BD11-FEB3-454F-B700-AC148E69C76B}.Debug|x86.Build.0 = Debug|Any CPU
		{DC46BD11-FEB3-454F-B700-AC148E69C76B}.Release|Any CPU.ActiveCfg = Release|Any CPU
		{DC46BD11-FEB3-454F-B700-AC148E69C76B}.Release|Any CPU.Build.0 = Release|Any CPU
		{DC46BD11-FEB3-454F-B700-AC148E69C76B}.Release|x86.ActiveCfg = Release|Any CPU
		{DC46BD11-FEB3-454F-B700-AC148E69C76B}.Release|x86.Build.0 = Release|Any CPU
		{94425B0A-2A99-45EF-BE6E-F2194ED8EF89}.Debug|Any CPU.ActiveCfg = Debug|Any CPU
		{94425B0A-2A99-45EF-BE6E-F2194ED8EF89}.Debug|x86.ActiveCfg = Debug|Any CPU
		{94425B0A-2A99-45EF-BE6E-F2194ED8EF89}.Debug|x86.Build.0 = Debug|Any CPU
		{94425B0A-2A99-45EF-BE6E-F2194ED8EF89}.Release|Any CPU.ActiveCfg = Release|Any CPU
		{94425B0A-2A99-45EF-BE6E-F2194ED8EF89}.Release|x86.ActiveCfg = Release|Any CPU
		{94425B0A-2A99-45EF-BE6E-F2194ED8EF89}.Release|x86.Build.0 = Release|Any CPU
		{86F8567A-5C06-49DF-8CDA-D6CDD50B6360}.Debug|Any CPU.ActiveCfg = Debug|Any CPU
		{86F8567A-5C06-49DF-8CDA-D6CDD50B6360}.Debug|Any CPU.Build.0 = Debug|Any CPU
		{86F8567A-5C06-49DF-8CDA-D6CDD50B6360}.Debug|x86.ActiveCfg = Debug|Any CPU
		{86F8567A-5C06-49DF-8CDA-D6CDD50B6360}.Debug|x86.Build.0 = Debug|Any CPU
		{86F8567A-5C06-49DF-8CDA-D6CDD50B6360}.Release|Any CPU.ActiveCfg = Release|Any CPU
		{86F8567A-5C06-49DF-8CDA-D6CDD50B6360}.Release|Any CPU.Build.0 = Release|Any CPU
		{86F8567A-5C06-49DF-8CDA-D6CDD50B6360}.Release|x86.ActiveCfg = Release|Any CPU
		{86F8567A-5C06-49DF-8CDA-D6CDD50B6360}.Release|x86.Build.0 = Release|Any CPU
		{850FB3C5-D27C-4E99-8EC5-822DCD5C483D}.Debug|Any CPU.ActiveCfg = Debug|Any CPU
		{850FB3C5-D27C-4E99-8EC5-822DCD5C483D}.Debug|x86.ActiveCfg = Debug|Any CPU
		{850FB3C5-D27C-4E99-8EC5-822DCD5C483D}.Debug|x86.Build.0 = Debug|Any CPU
		{850FB3C5-D27C-4E99-8EC5-822DCD5C483D}.Release|Any CPU.ActiveCfg = Release|Any CPU
		{850FB3C5-D27C-4E99-8EC5-822DCD5C483D}.Release|x86.ActiveCfg = Release|Any CPU
		{850FB3C5-D27C-4E99-8EC5-822DCD5C483D}.Release|x86.Build.0 = Release|Any CPU
		{803B76E8-371A-418A-954E-0B19B568EA57}.Debug|Any CPU.ActiveCfg = Debug|Any CPU
		{803B76E8-371A-418A-954E-0B19B568EA57}.Debug|Any CPU.Build.0 = Debug|Any CPU
		{803B76E8-371A-418A-954E-0B19B568EA57}.Debug|x86.ActiveCfg = Debug|Any CPU
		{803B76E8-371A-418A-954E-0B19B568EA57}.Debug|x86.Build.0 = Debug|Any CPU
		{803B76E8-371A-418A-954E-0B19B568EA57}.Release|Any CPU.ActiveCfg = Release|Any CPU
		{803B76E8-371A-418A-954E-0B19B568EA57}.Release|Any CPU.Build.0 = Release|Any CPU
		{803B76E8-371A-418A-954E-0B19B568EA57}.Release|x86.ActiveCfg = Release|Any CPU
		{803B76E8-371A-418A-954E-0B19B568EA57}.Release|x86.Build.0 = Release|Any CPU
		{C9E0268E-168E-4E81-BB73-5F3865E913AD}.Debug|Any CPU.ActiveCfg = Debug|Any CPU
		{C9E0268E-168E-4E81-BB73-5F3865E913AD}.Debug|Any CPU.Build.0 = Debug|Any CPU
		{C9E0268E-168E-4E81-BB73-5F3865E913AD}.Debug|x86.ActiveCfg = Debug|Any CPU
		{C9E0268E-168E-4E81-BB73-5F3865E913AD}.Debug|x86.Build.0 = Debug|Any CPU
		{C9E0268E-168E-4E81-BB73-5F3865E913AD}.Release|Any CPU.ActiveCfg = Release|Any CPU
		{C9E0268E-168E-4E81-BB73-5F3865E913AD}.Release|Any CPU.Build.0 = Release|Any CPU
		{C9E0268E-168E-4E81-BB73-5F3865E913AD}.Release|x86.ActiveCfg = Release|Any CPU
		{C9E0268E-168E-4E81-BB73-5F3865E913AD}.Release|x86.Build.0 = Release|Any CPU
		{7D447F4A-8B82-46EE-8AFA-9C0E89A5D35D}.Debug|Any CPU.ActiveCfg = Debug|Any CPU
		{7D447F4A-8B82-46EE-8AFA-9C0E89A5D35D}.Debug|Any CPU.Build.0 = Debug|Any CPU
		{7D447F4A-8B82-46EE-8AFA-9C0E89A5D35D}.Debug|x86.ActiveCfg = Debug|Any CPU
		{7D447F4A-8B82-46EE-8AFA-9C0E89A5D35D}.Debug|x86.Build.0 = Debug|Any CPU
		{7D447F4A-8B82-46EE-8AFA-9C0E89A5D35D}.Release|Any CPU.ActiveCfg = Release|Any CPU
		{7D447F4A-8B82-46EE-8AFA-9C0E89A5D35D}.Release|Any CPU.Build.0 = Release|Any CPU
		{7D447F4A-8B82-46EE-8AFA-9C0E89A5D35D}.Release|x86.ActiveCfg = Release|Any CPU
		{7D447F4A-8B82-46EE-8AFA-9C0E89A5D35D}.Release|x86.Build.0 = Release|Any CPU
		{42FB8725-8528-49DB-8A9B-D56FBE53F280}.Debug|Any CPU.ActiveCfg = Debug|Any CPU
		{42FB8725-8528-49DB-8A9B-D56FBE53F280}.Debug|Any CPU.Build.0 = Debug|Any CPU
		{42FB8725-8528-49DB-8A9B-D56FBE53F280}.Debug|x86.ActiveCfg = Debug|Any CPU
		{42FB8725-8528-49DB-8A9B-D56FBE53F280}.Debug|x86.Build.0 = Debug|Any CPU
		{42FB8725-8528-49DB-8A9B-D56FBE53F280}.Release|Any CPU.ActiveCfg = Release|Any CPU
		{42FB8725-8528-49DB-8A9B-D56FBE53F280}.Release|Any CPU.Build.0 = Release|Any CPU
		{42FB8725-8528-49DB-8A9B-D56FBE53F280}.Release|x86.ActiveCfg = Release|Any CPU
		{42FB8725-8528-49DB-8A9B-D56FBE53F280}.Release|x86.Build.0 = Release|Any CPU
		{C3F5BD4F-6D1D-445A-B17D-81F2D2DE4147}.Debug|Any CPU.ActiveCfg = Debug|Any CPU
		{C3F5BD4F-6D1D-445A-B17D-81F2D2DE4147}.Debug|Any CPU.Build.0 = Debug|Any CPU
		{C3F5BD4F-6D1D-445A-B17D-81F2D2DE4147}.Debug|x86.ActiveCfg = Debug|Any CPU
		{C3F5BD4F-6D1D-445A-B17D-81F2D2DE4147}.Debug|x86.Build.0 = Debug|Any CPU
		{C3F5BD4F-6D1D-445A-B17D-81F2D2DE4147}.Release|Any CPU.ActiveCfg = Release|Any CPU
		{C3F5BD4F-6D1D-445A-B17D-81F2D2DE4147}.Release|Any CPU.Build.0 = Release|Any CPU
		{C3F5BD4F-6D1D-445A-B17D-81F2D2DE4147}.Release|x86.ActiveCfg = Release|Any CPU
		{C3F5BD4F-6D1D-445A-B17D-81F2D2DE4147}.Release|x86.Build.0 = Release|Any CPU
		{365BD28B-9615-44B0-8A22-2EE817541981}.Debug|Any CPU.ActiveCfg = Debug|Any CPU
		{365BD28B-9615-44B0-8A22-2EE817541981}.Debug|Any CPU.Build.0 = Debug|Any CPU
		{365BD28B-9615-44B0-8A22-2EE817541981}.Debug|x86.ActiveCfg = Debug|Any CPU
		{365BD28B-9615-44B0-8A22-2EE817541981}.Debug|x86.Build.0 = Debug|Any CPU
		{365BD28B-9615-44B0-8A22-2EE817541981}.Release|Any CPU.ActiveCfg = Release|Any CPU
		{365BD28B-9615-44B0-8A22-2EE817541981}.Release|Any CPU.Build.0 = Release|Any CPU
		{365BD28B-9615-44B0-8A22-2EE817541981}.Release|x86.ActiveCfg = Release|Any CPU
		{365BD28B-9615-44B0-8A22-2EE817541981}.Release|x86.Build.0 = Release|Any CPU
		{CF7B83A2-57DB-4A73-B846-6B6785A24F99}.Debug|Any CPU.ActiveCfg = Debug|Any CPU
		{CF7B83A2-57DB-4A73-B846-6B6785A24F99}.Debug|Any CPU.Build.0 = Debug|Any CPU
		{CF7B83A2-57DB-4A73-B846-6B6785A24F99}.Debug|x86.ActiveCfg = Debug|Any CPU
		{CF7B83A2-57DB-4A73-B846-6B6785A24F99}.Debug|x86.Build.0 = Debug|Any CPU
		{CF7B83A2-57DB-4A73-B846-6B6785A24F99}.Release|Any CPU.ActiveCfg = Release|Any CPU
		{CF7B83A2-57DB-4A73-B846-6B6785A24F99}.Release|Any CPU.Build.0 = Release|Any CPU
		{CF7B83A2-57DB-4A73-B846-6B6785A24F99}.Release|x86.ActiveCfg = Release|Any CPU
		{CF7B83A2-57DB-4A73-B846-6B6785A24F99}.Release|x86.Build.0 = Release|Any CPU
		{E0C11C10-12F1-4A9C-A522-681E0DF01E74}.Debug|Any CPU.ActiveCfg = Debug|Any CPU
		{E0C11C10-12F1-4A9C-A522-681E0DF01E74}.Debug|Any CPU.Build.0 = Debug|Any CPU
		{E0C11C10-12F1-4A9C-A522-681E0DF01E74}.Debug|x86.ActiveCfg = Debug|Any CPU
		{E0C11C10-12F1-4A9C-A522-681E0DF01E74}.Debug|x86.Build.0 = Debug|Any CPU
		{E0C11C10-12F1-4A9C-A522-681E0DF01E74}.Release|Any CPU.ActiveCfg = Release|Any CPU
		{E0C11C10-12F1-4A9C-A522-681E0DF01E74}.Release|Any CPU.Build.0 = Release|Any CPU
		{E0C11C10-12F1-4A9C-A522-681E0DF01E74}.Release|x86.ActiveCfg = Release|Any CPU
		{E0C11C10-12F1-4A9C-A522-681E0DF01E74}.Release|x86.Build.0 = Release|Any CPU
		{4F45A2FE-7C48-4980-B983-6C5F36013C29}.Debug|Any CPU.ActiveCfg = Debug|Any CPU
		{4F45A2FE-7C48-4980-B983-6C5F36013C29}.Debug|Any CPU.Build.0 = Debug|Any CPU
		{4F45A2FE-7C48-4980-B983-6C5F36013C29}.Debug|x86.ActiveCfg = Debug|Any CPU
		{4F45A2FE-7C48-4980-B983-6C5F36013C29}.Debug|x86.Build.0 = Debug|Any CPU
		{4F45A2FE-7C48-4980-B983-6C5F36013C29}.Release|Any CPU.ActiveCfg = Release|Any CPU
		{4F45A2FE-7C48-4980-B983-6C5F36013C29}.Release|Any CPU.Build.0 = Release|Any CPU
		{4F45A2FE-7C48-4980-B983-6C5F36013C29}.Release|x86.ActiveCfg = Release|Any CPU
		{4F45A2FE-7C48-4980-B983-6C5F36013C29}.Release|x86.Build.0 = Release|Any CPU
		{ADECD640-AA4B-424D-81BB-E5D703B988B6}.Debug|Any CPU.ActiveCfg = Debug|Any CPU
		{ADECD640-AA4B-424D-81BB-E5D703B988B6}.Debug|Any CPU.Build.0 = Debug|Any CPU
		{ADECD640-AA4B-424D-81BB-E5D703B988B6}.Debug|x86.ActiveCfg = Debug|Any CPU
		{ADECD640-AA4B-424D-81BB-E5D703B988B6}.Debug|x86.Build.0 = Debug|Any CPU
		{ADECD640-AA4B-424D-81BB-E5D703B988B6}.Release|Any CPU.ActiveCfg = Release|Any CPU
		{ADECD640-AA4B-424D-81BB-E5D703B988B6}.Release|Any CPU.Build.0 = Release|Any CPU
		{ADECD640-AA4B-424D-81BB-E5D703B988B6}.Release|x86.ActiveCfg = Release|Any CPU
		{ADECD640-AA4B-424D-81BB-E5D703B988B6}.Release|x86.Build.0 = Release|Any CPU
		{ED19C4A5-4EF4-476C-958C-15731C6975C0}.Debug|Any CPU.ActiveCfg = Debug|Any CPU
		{ED19C4A5-4EF4-476C-958C-15731C6975C0}.Debug|Any CPU.Build.0 = Debug|Any CPU
		{ED19C4A5-4EF4-476C-958C-15731C6975C0}.Debug|x86.ActiveCfg = Debug|Any CPU
		{ED19C4A5-4EF4-476C-958C-15731C6975C0}.Debug|x86.Build.0 = Debug|Any CPU
		{ED19C4A5-4EF4-476C-958C-15731C6975C0}.Release|Any CPU.ActiveCfg = Release|Any CPU
		{ED19C4A5-4EF4-476C-958C-15731C6975C0}.Release|Any CPU.Build.0 = Release|Any CPU
		{ED19C4A5-4EF4-476C-958C-15731C6975C0}.Release|x86.ActiveCfg = Release|Any CPU
		{ED19C4A5-4EF4-476C-958C-15731C6975C0}.Release|x86.Build.0 = Release|Any CPU
		{062C4297-625A-424D-B0CD-35EAD66D57F4}.Debug|Any CPU.ActiveCfg = Debug|Any CPU
		{062C4297-625A-424D-B0CD-35EAD66D57F4}.Debug|Any CPU.Build.0 = Debug|Any CPU
		{062C4297-625A-424D-B0CD-35EAD66D57F4}.Debug|x86.ActiveCfg = Debug|Any CPU
		{062C4297-625A-424D-B0CD-35EAD66D57F4}.Debug|x86.Build.0 = Debug|Any CPU
		{062C4297-625A-424D-B0CD-35EAD66D57F4}.Release|Any CPU.ActiveCfg = Release|Any CPU
		{062C4297-625A-424D-B0CD-35EAD66D57F4}.Release|Any CPU.Build.0 = Release|Any CPU
		{062C4297-625A-424D-B0CD-35EAD66D57F4}.Release|x86.ActiveCfg = Release|Any CPU
		{062C4297-625A-424D-B0CD-35EAD66D57F4}.Release|x86.Build.0 = Release|Any CPU
		{AF76018C-13D3-4201-875B-680CA98FF620}.Debug|Any CPU.ActiveCfg = Debug|Any CPU
		{AF76018C-13D3-4201-875B-680CA98FF620}.Debug|Any CPU.Build.0 = Debug|Any CPU
		{AF76018C-13D3-4201-875B-680CA98FF620}.Debug|x86.ActiveCfg = Debug|Any CPU
		{AF76018C-13D3-4201-875B-680CA98FF620}.Debug|x86.Build.0 = Debug|Any CPU
		{AF76018C-13D3-4201-875B-680CA98FF620}.Release|Any CPU.ActiveCfg = Release|Any CPU
		{AF76018C-13D3-4201-875B-680CA98FF620}.Release|Any CPU.Build.0 = Release|Any CPU
		{AF76018C-13D3-4201-875B-680CA98FF620}.Release|x86.ActiveCfg = Release|Any CPU
		{AF76018C-13D3-4201-875B-680CA98FF620}.Release|x86.Build.0 = Release|Any CPU
		{7F7BD9DC-0A1F-4185-B1AF-FBF0EFD3C906}.Debug|Any CPU.ActiveCfg = Debug|Any CPU
		{7F7BD9DC-0A1F-4185-B1AF-FBF0EFD3C906}.Debug|Any CPU.Build.0 = Debug|Any CPU
		{7F7BD9DC-0A1F-4185-B1AF-FBF0EFD3C906}.Debug|x86.ActiveCfg = Debug|Any CPU
		{7F7BD9DC-0A1F-4185-B1AF-FBF0EFD3C906}.Debug|x86.Build.0 = Debug|Any CPU
		{7F7BD9DC-0A1F-4185-B1AF-FBF0EFD3C906}.Release|Any CPU.ActiveCfg = Release|Any CPU
		{7F7BD9DC-0A1F-4185-B1AF-FBF0EFD3C906}.Release|Any CPU.Build.0 = Release|Any CPU
		{7F7BD9DC-0A1F-4185-B1AF-FBF0EFD3C906}.Release|x86.ActiveCfg = Release|Any CPU
		{7F7BD9DC-0A1F-4185-B1AF-FBF0EFD3C906}.Release|x86.Build.0 = Release|Any CPU
		{BB4F2124-6694-4F7E-A310-1B483355CBE8}.Debug|Any CPU.ActiveCfg = Debug|Any CPU
		{BB4F2124-6694-4F7E-A310-1B483355CBE8}.Debug|Any CPU.Build.0 = Debug|Any CPU
		{BB4F2124-6694-4F7E-A310-1B483355CBE8}.Debug|x86.ActiveCfg = Debug|Any CPU
		{BB4F2124-6694-4F7E-A310-1B483355CBE8}.Debug|x86.Build.0 = Debug|Any CPU
		{BB4F2124-6694-4F7E-A310-1B483355CBE8}.Release|Any CPU.ActiveCfg = Release|Any CPU
		{BB4F2124-6694-4F7E-A310-1B483355CBE8}.Release|Any CPU.Build.0 = Release|Any CPU
		{BB4F2124-6694-4F7E-A310-1B483355CBE8}.Release|x86.ActiveCfg = Release|Any CPU
		{BB4F2124-6694-4F7E-A310-1B483355CBE8}.Release|x86.Build.0 = Release|Any CPU
	EndGlobalSection
	GlobalSection(SolutionProperties) = preSolution
		HideSolutionNode = FALSE
	EndGlobalSection
	GlobalSection(NestedProjects) = preSolution
		{0EDE70C5-7703-49AD-A019-BE3EB8BA4118} = {C206063D-E21A-483B-A4DA-889B26BDB782}
		{B8B43C7C-9225-4477-AD6C-919AAED2B998} = {65D2D6D7-D5E9-4F1B-980F-D441438C47C9}
		{6F3EFB9C-D8AF-490F-9AE5-5740ABDBD56A} = {5054F9BD-CEF8-44C3-BA6B-B36745297033}
		{81A985E9-22E5-46F7-94DF-A6669856991B} = {5054F9BD-CEF8-44C3-BA6B-B36745297033}
		{3F7F8451-75F0-471A-A83E-ACFA5F1F25F0} = {C2E2B542-E077-4962-A1F6-1FDD8930AB78}
		{FC79875A-2312-4227-AB15-2FD0CA811348} = {C2E2B542-E077-4962-A1F6-1FDD8930AB78}
		{5AE784FF-8622-46A3-A156-39E2FFA8A883} = {C206063D-E21A-483B-A4DA-889B26BDB782}
		{C4396657-DC12-4D0A-8816-C5D0DB025151} = {C2E2B542-E077-4962-A1F6-1FDD8930AB78}
		{7968C09D-CAB1-4759-A81F-8D18B83A9393} = {5054F9BD-CEF8-44C3-BA6B-B36745297033}
		{09126E7A-153D-4356-809B-DABF75A59B1D} = {5054F9BD-CEF8-44C3-BA6B-B36745297033}
		{A2FE64BF-7479-4B13-ADA1-EA2E80A95E13} = {7B41AE89-EAB7-43CC-A775-213E368E4EA4}
		{ACD0FCE6-6ED4-4A58-8453-301DEDDBFC46} = {7B41AE89-EAB7-43CC-A775-213E368E4EA4}
		{DC46BD11-FEB3-454F-B700-AC148E69C76B} = {7B41AE89-EAB7-43CC-A775-213E368E4EA4}
		{94425B0A-2A99-45EF-BE6E-F2194ED8EF89} = {7B41AE89-EAB7-43CC-A775-213E368E4EA4}
		{86F8567A-5C06-49DF-8CDA-D6CDD50B6360} = {5054F9BD-CEF8-44C3-BA6B-B36745297033}
		{803B76E8-371A-418A-954E-0B19B568EA57} = {5054F9BD-CEF8-44C3-BA6B-B36745297033}
		{C9E0268E-168E-4E81-BB73-5F3865E913AD} = {BE832DF6-3463-40E4-BF3F-CEEAC4009F60}
		{7D447F4A-8B82-46EE-8AFA-9C0E89A5D35D} = {BE832DF6-3463-40E4-BF3F-CEEAC4009F60}
		{42FB8725-8528-49DB-8A9B-D56FBE53F280} = {5054F9BD-CEF8-44C3-BA6B-B36745297033}
		{C3F5BD4F-6D1D-445A-B17D-81F2D2DE4147} = {BE832DF6-3463-40E4-BF3F-CEEAC4009F60}
		{365BD28B-9615-44B0-8A22-2EE817541981} = {BE832DF6-3463-40E4-BF3F-CEEAC4009F60}
		{CF7B83A2-57DB-4A73-B846-6B6785A24F99} = {5054F9BD-CEF8-44C3-BA6B-B36745297033}
		{E0C11C10-12F1-4A9C-A522-681E0DF01E74} = {5054F9BD-CEF8-44C3-BA6B-B36745297033}
		{4F45A2FE-7C48-4980-B983-6C5F36013C29} = {B8B43C7C-9225-4477-AD6C-919AAED2B998}
		{ADECD640-AA4B-424D-81BB-E5D703B988B6} = {B8B43C7C-9225-4477-AD6C-919AAED2B998}
		{ED19C4A5-4EF4-476C-958C-15731C6975C0} = {B8B43C7C-9225-4477-AD6C-919AAED2B998}
		{062C4297-625A-424D-B0CD-35EAD66D57F4} = {65D2D6D7-D5E9-4F1B-980F-D441438C47C9}
		{AF76018C-13D3-4201-875B-680CA98FF620} = {B8B43C7C-9225-4477-AD6C-919AAED2B998}
		{7F7BD9DC-0A1F-4185-B1AF-FBF0EFD3C906} = {0EDE70C5-7703-49AD-A019-BE3EB8BA4118}
		{BB4F2124-6694-4F7E-A310-1B483355CBE8} = {0EDE70C5-7703-49AD-A019-BE3EB8BA4118}
	EndGlobalSection
	GlobalSection(ExtensibilityGlobals) = postSolution
		SolutionGuid = {2F42ADCA-F738-4569-AAE0-F1ACA0C2F6BC}
	EndGlobalSection
EndGlobal
