
Microsoft Visual Studio Solution File, Format Version 12.00
# Visual Studio Version 16
VisualStudioVersion = 16.0.29911.84
MinimumVisualStudioVersion = 10.0.40219.1
Project("{2150E333-8FDC-42A3-9474-1A3956D46DE8}") = "Test", "Test", "{5054F9BD-CEF8-44C3-BA6B-B36745297033}"
EndProject
Project("{2150E333-8FDC-42A3-9474-1A3956D46DE8}") = "XpoProviders", "XpoProviders", "{65D2D6D7-D5E9-4F1B-980F-D441438C47C9}"
EndProject
Project("{2150E333-8FDC-42A3-9474-1A3956D46DE8}") = "Solution Items", "Solution Items", "{44F72346-A680-4B98-B961-90309381E4A1}"
	ProjectSection(SolutionItems) = preProject
		..\build.cake = ..\build.cake
		..\Clean.bat = ..\Clean.bat
		Directory.Build.props = Directory.Build.props
		Notes.txt = Notes.txt
		..\README.md = ..\README.md
	EndProjectSection
EndProject
Project("{2150E333-8FDC-42A3-9474-1A3956D46DE8}") = "WebApi", "WebApi", "{E646DCD0-4274-4363-9854-B61EAEDE5858}"
EndProject
Project("{2150E333-8FDC-42A3-9474-1A3956D46DE8}") = "Demos", "Demos", "{C206063D-E21A-483B-A4DA-889B26BDB782}"
EndProject
Project("{2150E333-8FDC-42A3-9474-1A3956D46DE8}") = "XpoWebApi", "XpoWebApi", "{0EDE70C5-7703-49AD-A019-BE3EB8BA4118}"
EndProject
Project("{2150E333-8FDC-42A3-9474-1A3956D46DE8}") = "Shared", "Shared", "{DAE9EC69-9384-46C8-9897-A99B75BCCAB4}"
EndProject
Project("{2150E333-8FDC-42A3-9474-1A3956D46DE8}") = "Network", "Network", "{B8B43C7C-9225-4477-AD6C-919AAED2B998}"
EndProject
Project("{9A19103F-16F7-4668-BE54-9A1E7A4F7556}") = "BIT.Data.Transfer.RestClientNet.Tests", "Tests\BIT.AspNetCore.Tests\BIT.Data.Transfer.RestClientNet.Tests.csproj", "{6F3EFB9C-D8AF-490F-9AE5-5740ABDBD56A}"
EndProject
Project("{9A19103F-16F7-4668-BE54-9A1E7A4F7556}") = "BIT.Xpo.Providers.WebApi.Test", "Tests\BIT.Xpo.Providers.WebApi.Test\BIT.Xpo.Providers.WebApi.Test.csproj", "{81A985E9-22E5-46F7-94DF-A6669856991B}"
EndProject
Project("{2150E333-8FDC-42A3-9474-1A3956D46DE8}") = "Xpo", "Xpo", "{C2E2B542-E077-4962-A1F6-1FDD8930AB78}"
EndProject
Project("{9A19103F-16F7-4668-BE54-9A1E7A4F7556}") = "BIT.Data.Xpo", "Xpo\BIT.Data.Xpo\BIT.Data.Xpo.csproj", "{3F7F8451-75F0-471A-A83E-ACFA5F1F25F0}"
EndProject
Project("{9A19103F-16F7-4668-BE54-9A1E7A4F7556}") = "BIT.Xpo.Functions.GIS", "Xpo\BIT.Xpo.Functions\BIT.Xpo.Functions.GIS.csproj", "{FC79875A-2312-4227-AB15-2FD0CA811348}"
EndProject
Project("{9A19103F-16F7-4668-BE54-9A1E7A4F7556}") = "XpoDemoOrm", "Demos\XpoDemoOrm\XpoDemoOrm.csproj", "{5AE784FF-8622-46A3-A156-39E2FFA8A883}"
EndProject
Project("{9A19103F-16F7-4668-BE54-9A1E7A4F7556}") = "BIT.AspNetCore.Xpo", "Xpo\BIT.AspNetCore.Xpo\BIT.AspNetCore.Xpo.csproj", "{C4396657-DC12-4D0A-8816-C5D0DB025151}"
EndProject
Project("{9A19103F-16F7-4668-BE54-9A1E7A4F7556}") = "BIT.Xpo.Providers.Network.Server.Http", "XpoProviders\BIT.Xpo.Providers.Network.HttpApiServer\BIT.Xpo.Providers.Network.Server.Http.csproj", "{77A5D8A9-E949-455E-8A6C-B0D95D0A101E}"
EndProject
Project("{9A19103F-16F7-4668-BE54-9A1E7A4F7556}") = "BIT.Xpo.Tests", "Tests\BIT.Xpo.Tests\BIT.Xpo.Tests.csproj", "{7968C09D-CAB1-4759-A81F-8D18B83A9393}"
EndProject
Project("{9A19103F-16F7-4668-BE54-9A1E7A4F7556}") = "TestServer", "Tests\TestServer\TestServer.csproj", "{09126E7A-153D-4356-809B-DABF75A59B1D}"
EndProject
Project("{2150E333-8FDC-42A3-9474-1A3956D46DE8}") = "Core", "Core", "{7B41AE89-EAB7-43CC-A775-213E368E4EA4}"
EndProject
Project("{9A19103F-16F7-4668-BE54-9A1E7A4F7556}") = "BIT.Data", "Core\BIT.Data\BIT.Data.csproj", "{A2FE64BF-7479-4B13-ADA1-EA2E80A95E13}"
EndProject
Project("{9A19103F-16F7-4668-BE54-9A1E7A4F7556}") = "BIT.AspNetCore", "Core\BIT.AspNetCore\BIT.AspNetCore.csproj", "{ACD0FCE6-6ED4-4A58-8453-301DEDDBFC46}"
EndProject
Project("{9A19103F-16F7-4668-BE54-9A1E7A4F7556}") = "BIT.Data.Transfer.RestClientNet", "Core\BIT.Data.Transfer.RestClientNet\BIT.Data.Transfer.RestClientNet.csproj", "{DC46BD11-FEB3-454F-B700-AC148E69C76B}"
EndProject
Project("{9A19103F-16F7-4668-BE54-9A1E7A4F7556}") = "BIT.Data.Db.SqliteMultiTarget", "Core\BIT.Data.Db.SqliteMultiTarget\BIT.Data.Db.SqliteMultiTarget.csproj", "{94425B0A-2A99-45EF-BE6E-F2194ED8EF89}"
EndProject
Project("{2150E333-8FDC-42A3-9474-1A3956D46DE8}") = "Network.Client.RestClientNet", "Network.Client.RestClientNet", "{F35D020E-E917-4996-9F36-D13C0B2E0C55}"
EndProject
Project("{9A19103F-16F7-4668-BE54-9A1E7A4F7556}") = "HttpApiServerDemo", "HttpApiServerDemo\HttpApiServerDemo.csproj", "{D4C6CACA-045D-44CA-86CA-217DD2F886F5}"
EndProject
Project("{9A19103F-16F7-4668-BE54-9A1E7A4F7556}") = "ConsoleClient", "Demos\Network\WebApi\ConsoleClient\ConsoleClient.csproj", "{AF50BF7B-BD0A-4333-B1EA-FFE1EA58C20D}"
EndProject
Project("{9A19103F-16F7-4668-BE54-9A1E7A4F7556}") = "Blazorwasm", "Demos\Network\WebApi\BlazorWasm\Blazorwasm.csproj", "{C0566288-41F4-4520-A46C-B8873F404D6E}"
EndProject
Project("{9A19103F-16F7-4668-BE54-9A1E7A4F7556}") = "RestClientNetBlazorDemo", "Demos\Network\WebApi\BlazorServerSide\RestClientNetBlazorDemo.csproj", "{083522DF-FB88-43A3-A386-755AE7CB530D}"
EndProject
Project("{9A19103F-16F7-4668-BE54-9A1E7A4F7556}") = "BIT.Data.Tests", "Tests\BIT.Data.Tests\BIT.Data.Tests.csproj", "{86F8567A-5C06-49DF-8CDA-D6CDD50B6360}"
EndProject
Project("{9A19103F-16F7-4668-BE54-9A1E7A4F7556}") = "_build", "build\_build.csproj", "{850FB3C5-D27C-4E99-8EC5-822DCD5C483D}"
EndProject
Project("{9A19103F-16F7-4668-BE54-9A1E7A4F7556}") = "Test.Shared", "Tests\Test.Shared\Test.Shared.csproj", "{803B76E8-371A-418A-954E-0B19B568EA57}"
EndProject
Project("{9A19103F-16F7-4668-BE54-9A1E7A4F7556}") = "BIT.Xpo.Providers.Network.Http.Client.HttpClient", "XpoProviders\BIT.Xpo.Providers.Network.Http.Client.HttpClient\BIT.Xpo.Providers.Network.Http.Client.HttpClient.csproj", "{8B63E116-E41E-475B-8E94-EB3E5B21D926}"
EndProject
Project("{9A19103F-16F7-4668-BE54-9A1E7A4F7556}") = "BIT.Xpo.Providers.WebApi.Client.RestClientNet", "XpoProviders\BIT.Xpo.Providers.Network.Http.Client.RestClientNet\BIT.Xpo.Providers.WebApi.Client.RestClientNet.csproj", "{9DF95B3F-5D44-4E4B-893B-232E179DFA7F}"
EndProject
Project("{9A19103F-16F7-4668-BE54-9A1E7A4F7556}") = "BIT.Xpo.Providers.SqliteEncrypted", "XpoProviders\BIT.Xpo.Providers.SqliteEncrypted\BIT.Xpo.Providers.SqliteEncrypted.csproj", "{8289B2BE-E0F5-40C2-AB06-0A5083352757}"
EndProject
Project("{9A19103F-16F7-4668-BE54-9A1E7A4F7556}") = "BIT.Xpo.Providers.Network.Http.Client.RestClientNet", "XpoProviders\BIT.Xpo.Providers.Network.Client.RestClientNet\BIT.Xpo.Providers.Network.Http.Client.RestClientNet.csproj", "{D5ACE214-C0F2-468F-964E-4E05D8FB75AB}"
EndProject
Global
	GlobalSection(SolutionConfigurationPlatforms) = preSolution
		Debug|Any CPU = Debug|Any CPU
		Debug|x86 = Debug|x86
		Release|Any CPU = Release|Any CPU
		Release|x86 = Release|x86
	EndGlobalSection
	GlobalSection(ProjectConfigurationPlatforms) = postSolution
		{6F3EFB9C-D8AF-490F-9AE5-5740ABDBD56A}.Debug|Any CPU.ActiveCfg = Debug|Any CPU
		{6F3EFB9C-D8AF-490F-9AE5-5740ABDBD56A}.Debug|Any CPU.Build.0 = Debug|Any CPU
		{6F3EFB9C-D8AF-490F-9AE5-5740ABDBD56A}.Debug|x86.ActiveCfg = Debug|Any CPU
		{6F3EFB9C-D8AF-490F-9AE5-5740ABDBD56A}.Debug|x86.Build.0 = Debug|Any CPU
		{6F3EFB9C-D8AF-490F-9AE5-5740ABDBD56A}.Release|Any CPU.ActiveCfg = Release|Any CPU
		{6F3EFB9C-D8AF-490F-9AE5-5740ABDBD56A}.Release|Any CPU.Build.0 = Release|Any CPU
		{6F3EFB9C-D8AF-490F-9AE5-5740ABDBD56A}.Release|x86.ActiveCfg = Release|Any CPU
		{6F3EFB9C-D8AF-490F-9AE5-5740ABDBD56A}.Release|x86.Build.0 = Release|Any CPU
		{81A985E9-22E5-46F7-94DF-A6669856991B}.Debug|Any CPU.ActiveCfg = Debug|Any CPU
		{81A985E9-22E5-46F7-94DF-A6669856991B}.Debug|Any CPU.Build.0 = Debug|Any CPU
		{81A985E9-22E5-46F7-94DF-A6669856991B}.Debug|x86.ActiveCfg = Debug|Any CPU
		{81A985E9-22E5-46F7-94DF-A6669856991B}.Debug|x86.Build.0 = Debug|Any CPU
		{81A985E9-22E5-46F7-94DF-A6669856991B}.Release|Any CPU.ActiveCfg = Release|Any CPU
		{81A985E9-22E5-46F7-94DF-A6669856991B}.Release|Any CPU.Build.0 = Release|Any CPU
		{81A985E9-22E5-46F7-94DF-A6669856991B}.Release|x86.ActiveCfg = Release|Any CPU
		{81A985E9-22E5-46F7-94DF-A6669856991B}.Release|x86.Build.0 = Release|Any CPU
		{3F7F8451-75F0-471A-A83E-ACFA5F1F25F0}.Debug|Any CPU.ActiveCfg = Debug|Any CPU
		{3F7F8451-75F0-471A-A83E-ACFA5F1F25F0}.Debug|Any CPU.Build.0 = Debug|Any CPU
		{3F7F8451-75F0-471A-A83E-ACFA5F1F25F0}.Debug|x86.ActiveCfg = Debug|Any CPU
		{3F7F8451-75F0-471A-A83E-ACFA5F1F25F0}.Debug|x86.Build.0 = Debug|Any CPU
		{3F7F8451-75F0-471A-A83E-ACFA5F1F25F0}.Release|Any CPU.ActiveCfg = Release|Any CPU
		{3F7F8451-75F0-471A-A83E-ACFA5F1F25F0}.Release|Any CPU.Build.0 = Release|Any CPU
		{3F7F8451-75F0-471A-A83E-ACFA5F1F25F0}.Release|x86.ActiveCfg = Release|Any CPU
		{3F7F8451-75F0-471A-A83E-ACFA5F1F25F0}.Release|x86.Build.0 = Release|Any CPU
		{FC79875A-2312-4227-AB15-2FD0CA811348}.Debug|Any CPU.ActiveCfg = Debug|Any CPU
		{FC79875A-2312-4227-AB15-2FD0CA811348}.Debug|Any CPU.Build.0 = Debug|Any CPU
		{FC79875A-2312-4227-AB15-2FD0CA811348}.Debug|x86.ActiveCfg = Debug|Any CPU
		{FC79875A-2312-4227-AB15-2FD0CA811348}.Debug|x86.Build.0 = Debug|Any CPU
		{FC79875A-2312-4227-AB15-2FD0CA811348}.Release|Any CPU.ActiveCfg = Release|Any CPU
		{FC79875A-2312-4227-AB15-2FD0CA811348}.Release|Any CPU.Build.0 = Release|Any CPU
		{FC79875A-2312-4227-AB15-2FD0CA811348}.Release|x86.ActiveCfg = Release|Any CPU
		{FC79875A-2312-4227-AB15-2FD0CA811348}.Release|x86.Build.0 = Release|Any CPU
		{5AE784FF-8622-46A3-A156-39E2FFA8A883}.Debug|Any CPU.ActiveCfg = Debug|Any CPU
		{5AE784FF-8622-46A3-A156-39E2FFA8A883}.Debug|Any CPU.Build.0 = Debug|Any CPU
		{5AE784FF-8622-46A3-A156-39E2FFA8A883}.Debug|x86.ActiveCfg = Debug|Any CPU
		{5AE784FF-8622-46A3-A156-39E2FFA8A883}.Debug|x86.Build.0 = Debug|Any CPU
		{5AE784FF-8622-46A3-A156-39E2FFA8A883}.Release|Any CPU.ActiveCfg = Release|Any CPU
		{5AE784FF-8622-46A3-A156-39E2FFA8A883}.Release|Any CPU.Build.0 = Release|Any CPU
		{5AE784FF-8622-46A3-A156-39E2FFA8A883}.Release|x86.ActiveCfg = Release|Any CPU
		{5AE784FF-8622-46A3-A156-39E2FFA8A883}.Release|x86.Build.0 = Release|Any CPU
		{C4396657-DC12-4D0A-8816-C5D0DB025151}.Debug|Any CPU.ActiveCfg = Debug|Any CPU
		{C4396657-DC12-4D0A-8816-C5D0DB025151}.Debug|Any CPU.Build.0 = Debug|Any CPU
		{C4396657-DC12-4D0A-8816-C5D0DB025151}.Debug|x86.ActiveCfg = Debug|Any CPU
		{C4396657-DC12-4D0A-8816-C5D0DB025151}.Debug|x86.Build.0 = Debug|Any CPU
		{C4396657-DC12-4D0A-8816-C5D0DB025151}.Release|Any CPU.ActiveCfg = Release|Any CPU
		{C4396657-DC12-4D0A-8816-C5D0DB025151}.Release|Any CPU.Build.0 = Release|Any CPU
		{C4396657-DC12-4D0A-8816-C5D0DB025151}.Release|x86.ActiveCfg = Release|Any CPU
		{C4396657-DC12-4D0A-8816-C5D0DB025151}.Release|x86.Build.0 = Release|Any CPU
		{77A5D8A9-E949-455E-8A6C-B0D95D0A101E}.Debug|Any CPU.ActiveCfg = Debug|Any CPU
		{77A5D8A9-E949-455E-8A6C-B0D95D0A101E}.Debug|Any CPU.Build.0 = Debug|Any CPU
		{77A5D8A9-E949-455E-8A6C-B0D95D0A101E}.Debug|x86.ActiveCfg = Debug|Any CPU
		{77A5D8A9-E949-455E-8A6C-B0D95D0A101E}.Debug|x86.Build.0 = Debug|Any CPU
		{77A5D8A9-E949-455E-8A6C-B0D95D0A101E}.Release|Any CPU.ActiveCfg = Release|Any CPU
		{77A5D8A9-E949-455E-8A6C-B0D95D0A101E}.Release|Any CPU.Build.0 = Release|Any CPU
		{77A5D8A9-E949-455E-8A6C-B0D95D0A101E}.Release|x86.ActiveCfg = Release|Any CPU
		{77A5D8A9-E949-455E-8A6C-B0D95D0A101E}.Release|x86.Build.0 = Release|Any CPU
		{7968C09D-CAB1-4759-A81F-8D18B83A9393}.Debug|Any CPU.ActiveCfg = Debug|Any CPU
		{7968C09D-CAB1-4759-A81F-8D18B83A9393}.Debug|Any CPU.Build.0 = Debug|Any CPU
		{7968C09D-CAB1-4759-A81F-8D18B83A9393}.Debug|x86.ActiveCfg = Debug|Any CPU
		{7968C09D-CAB1-4759-A81F-8D18B83A9393}.Debug|x86.Build.0 = Debug|Any CPU
		{7968C09D-CAB1-4759-A81F-8D18B83A9393}.Release|Any CPU.ActiveCfg = Release|Any CPU
		{7968C09D-CAB1-4759-A81F-8D18B83A9393}.Release|Any CPU.Build.0 = Release|Any CPU
		{7968C09D-CAB1-4759-A81F-8D18B83A9393}.Release|x86.ActiveCfg = Release|Any CPU
		{7968C09D-CAB1-4759-A81F-8D18B83A9393}.Release|x86.Build.0 = Release|Any CPU
		{09126E7A-153D-4356-809B-DABF75A59B1D}.Debug|Any CPU.ActiveCfg = Debug|Any CPU
		{09126E7A-153D-4356-809B-DABF75A59B1D}.Debug|Any CPU.Build.0 = Debug|Any CPU
		{09126E7A-153D-4356-809B-DABF75A59B1D}.Debug|x86.ActiveCfg = Debug|Any CPU
		{09126E7A-153D-4356-809B-DABF75A59B1D}.Debug|x86.Build.0 = Debug|Any CPU
		{09126E7A-153D-4356-809B-DABF75A59B1D}.Release|Any CPU.ActiveCfg = Release|Any CPU
		{09126E7A-153D-4356-809B-DABF75A59B1D}.Release|Any CPU.Build.0 = Release|Any CPU
		{09126E7A-153D-4356-809B-DABF75A59B1D}.Release|x86.ActiveCfg = Release|Any CPU
		{09126E7A-153D-4356-809B-DABF75A59B1D}.Release|x86.Build.0 = Release|Any CPU
		{A2FE64BF-7479-4B13-ADA1-EA2E80A95E13}.Debug|Any CPU.ActiveCfg = Debug|Any CPU
		{A2FE64BF-7479-4B13-ADA1-EA2E80A95E13}.Debug|Any CPU.Build.0 = Debug|Any CPU
		{A2FE64BF-7479-4B13-ADA1-EA2E80A95E13}.Debug|x86.ActiveCfg = Debug|Any CPU
		{A2FE64BF-7479-4B13-ADA1-EA2E80A95E13}.Debug|x86.Build.0 = Debug|Any CPU
		{A2FE64BF-7479-4B13-ADA1-EA2E80A95E13}.Release|Any CPU.ActiveCfg = Release|Any CPU
		{A2FE64BF-7479-4B13-ADA1-EA2E80A95E13}.Release|Any CPU.Build.0 = Release|Any CPU
		{A2FE64BF-7479-4B13-ADA1-EA2E80A95E13}.Release|x86.ActiveCfg = Release|Any CPU
		{A2FE64BF-7479-4B13-ADA1-EA2E80A95E13}.Release|x86.Build.0 = Release|Any CPU
		{ACD0FCE6-6ED4-4A58-8453-301DEDDBFC46}.Debug|Any CPU.ActiveCfg = Debug|Any CPU
		{ACD0FCE6-6ED4-4A58-8453-301DEDDBFC46}.Debug|Any CPU.Build.0 = Debug|Any CPU
		{ACD0FCE6-6ED4-4A58-8453-301DEDDBFC46}.Debug|x86.ActiveCfg = Debug|Any CPU
		{ACD0FCE6-6ED4-4A58-8453-301DEDDBFC46}.Debug|x86.Build.0 = Debug|Any CPU
		{ACD0FCE6-6ED4-4A58-8453-301DEDDBFC46}.Release|Any CPU.ActiveCfg = Release|Any CPU
		{ACD0FCE6-6ED4-4A58-8453-301DEDDBFC46}.Release|Any CPU.Build.0 = Release|Any CPU
		{ACD0FCE6-6ED4-4A58-8453-301DEDDBFC46}.Release|x86.ActiveCfg = Release|Any CPU
		{ACD0FCE6-6ED4-4A58-8453-301DEDDBFC46}.Release|x86.Build.0 = Release|Any CPU
		{DC46BD11-FEB3-454F-B700-AC148E69C76B}.Debug|Any CPU.ActiveCfg = Debug|Any CPU
		{DC46BD11-FEB3-454F-B700-AC148E69C76B}.Debug|Any CPU.Build.0 = Debug|Any CPU
		{DC46BD11-FEB3-454F-B700-AC148E69C76B}.Debug|x86.ActiveCfg = Debug|Any CPU
		{DC46BD11-FEB3-454F-B700-AC148E69C76B}.Debug|x86.Build.0 = Debug|Any CPU
		{DC46BD11-FEB3-454F-B700-AC148E69C76B}.Release|Any CPU.ActiveCfg = Release|Any CPU
		{DC46BD11-FEB3-454F-B700-AC148E69C76B}.Release|Any CPU.Build.0 = Release|Any CPU
		{DC46BD11-FEB3-454F-B700-AC148E69C76B}.Release|x86.ActiveCfg = Release|Any CPU
		{DC46BD11-FEB3-454F-B700-AC148E69C76B}.Release|x86.Build.0 = Release|Any CPU
		{94425B0A-2A99-45EF-BE6E-F2194ED8EF89}.Debug|Any CPU.ActiveCfg = Debug|Any CPU
		{94425B0A-2A99-45EF-BE6E-F2194ED8EF89}.Debug|x86.ActiveCfg = Debug|Any CPU
		{94425B0A-2A99-45EF-BE6E-F2194ED8EF89}.Debug|x86.Build.0 = Debug|Any CPU
		{94425B0A-2A99-45EF-BE6E-F2194ED8EF89}.Release|Any CPU.ActiveCfg = Release|Any CPU
		{94425B0A-2A99-45EF-BE6E-F2194ED8EF89}.Release|x86.ActiveCfg = Release|Any CPU
		{94425B0A-2A99-45EF-BE6E-F2194ED8EF89}.Release|x86.Build.0 = Release|Any CPU
		{D4C6CACA-045D-44CA-86CA-217DD2F886F5}.Debug|Any CPU.ActiveCfg = Debug|Any CPU
		{D4C6CACA-045D-44CA-86CA-217DD2F886F5}.Debug|Any CPU.Build.0 = Debug|Any CPU
		{D4C6CACA-045D-44CA-86CA-217DD2F886F5}.Debug|x86.ActiveCfg = Debug|Any CPU
		{D4C6CACA-045D-44CA-86CA-217DD2F886F5}.Debug|x86.Build.0 = Debug|Any CPU
		{D4C6CACA-045D-44CA-86CA-217DD2F886F5}.Release|Any CPU.ActiveCfg = Release|Any CPU
		{D4C6CACA-045D-44CA-86CA-217DD2F886F5}.Release|Any CPU.Build.0 = Release|Any CPU
		{D4C6CACA-045D-44CA-86CA-217DD2F886F5}.Release|x86.ActiveCfg = Release|Any CPU
		{D4C6CACA-045D-44CA-86CA-217DD2F886F5}.Release|x86.Build.0 = Release|Any CPU
		{AF50BF7B-BD0A-4333-B1EA-FFE1EA58C20D}.Debug|Any CPU.ActiveCfg = Debug|Any CPU
		{AF50BF7B-BD0A-4333-B1EA-FFE1EA58C20D}.Debug|Any CPU.Build.0 = Debug|Any CPU
		{AF50BF7B-BD0A-4333-B1EA-FFE1EA58C20D}.Debug|x86.ActiveCfg = Debug|Any CPU
		{AF50BF7B-BD0A-4333-B1EA-FFE1EA58C20D}.Debug|x86.Build.0 = Debug|Any CPU
		{AF50BF7B-BD0A-4333-B1EA-FFE1EA58C20D}.Release|Any CPU.ActiveCfg = Release|Any CPU
		{AF50BF7B-BD0A-4333-B1EA-FFE1EA58C20D}.Release|Any CPU.Build.0 = Release|Any CPU
		{AF50BF7B-BD0A-4333-B1EA-FFE1EA58C20D}.Release|x86.ActiveCfg = Release|Any CPU
		{AF50BF7B-BD0A-4333-B1EA-FFE1EA58C20D}.Release|x86.Build.0 = Release|Any CPU
		{C0566288-41F4-4520-A46C-B8873F404D6E}.Debug|Any CPU.ActiveCfg = Debug|Any CPU
		{C0566288-41F4-4520-A46C-B8873F404D6E}.Debug|x86.ActiveCfg = Debug|Any CPU
		{C0566288-41F4-4520-A46C-B8873F404D6E}.Debug|x86.Build.0 = Debug|Any CPU
		{C0566288-41F4-4520-A46C-B8873F404D6E}.Release|Any CPU.ActiveCfg = Release|Any CPU
		{C0566288-41F4-4520-A46C-B8873F404D6E}.Release|x86.ActiveCfg = Release|Any CPU
		{C0566288-41F4-4520-A46C-B8873F404D6E}.Release|x86.Build.0 = Release|Any CPU
		{083522DF-FB88-43A3-A386-755AE7CB530D}.Debug|Any CPU.ActiveCfg = Debug|Any CPU
		{083522DF-FB88-43A3-A386-755AE7CB530D}.Debug|Any CPU.Build.0 = Debug|Any CPU
		{083522DF-FB88-43A3-A386-755AE7CB530D}.Debug|x86.ActiveCfg = Debug|Any CPU
		{083522DF-FB88-43A3-A386-755AE7CB530D}.Debug|x86.Build.0 = Debug|Any CPU
		{083522DF-FB88-43A3-A386-755AE7CB530D}.Release|Any CPU.ActiveCfg = Release|Any CPU
		{083522DF-FB88-43A3-A386-755AE7CB530D}.Release|Any CPU.Build.0 = Release|Any CPU
		{083522DF-FB88-43A3-A386-755AE7CB530D}.Release|x86.ActiveCfg = Release|Any CPU
		{083522DF-FB88-43A3-A386-755AE7CB530D}.Release|x86.Build.0 = Release|Any CPU
		{86F8567A-5C06-49DF-8CDA-D6CDD50B6360}.Debug|Any CPU.ActiveCfg = Debug|Any CPU
		{86F8567A-5C06-49DF-8CDA-D6CDD50B6360}.Debug|Any CPU.Build.0 = Debug|Any CPU
		{86F8567A-5C06-49DF-8CDA-D6CDD50B6360}.Debug|x86.ActiveCfg = Debug|Any CPU
		{86F8567A-5C06-49DF-8CDA-D6CDD50B6360}.Debug|x86.Build.0 = Debug|Any CPU
		{86F8567A-5C06-49DF-8CDA-D6CDD50B6360}.Release|Any CPU.ActiveCfg = Release|Any CPU
		{86F8567A-5C06-49DF-8CDA-D6CDD50B6360}.Release|Any CPU.Build.0 = Release|Any CPU
		{86F8567A-5C06-49DF-8CDA-D6CDD50B6360}.Release|x86.ActiveCfg = Release|Any CPU
		{86F8567A-5C06-49DF-8CDA-D6CDD50B6360}.Release|x86.Build.0 = Release|Any CPU
		{850FB3C5-D27C-4E99-8EC5-822DCD5C483D}.Debug|Any CPU.ActiveCfg = Debug|Any CPU
		{850FB3C5-D27C-4E99-8EC5-822DCD5C483D}.Debug|Any CPU.Build.0 = Debug|Any CPU
		{850FB3C5-D27C-4E99-8EC5-822DCD5C483D}.Debug|x86.ActiveCfg = Debug|Any CPU
		{850FB3C5-D27C-4E99-8EC5-822DCD5C483D}.Debug|x86.Build.0 = Debug|Any CPU
		{850FB3C5-D27C-4E99-8EC5-822DCD5C483D}.Release|Any CPU.ActiveCfg = Release|Any CPU
		{850FB3C5-D27C-4E99-8EC5-822DCD5C483D}.Release|Any CPU.Build.0 = Release|Any CPU
		{850FB3C5-D27C-4E99-8EC5-822DCD5C483D}.Release|x86.ActiveCfg = Release|Any CPU
		{850FB3C5-D27C-4E99-8EC5-822DCD5C483D}.Release|x86.Build.0 = Release|Any CPU
		{803B76E8-371A-418A-954E-0B19B568EA57}.Debug|Any CPU.ActiveCfg = Debug|Any CPU
		{803B76E8-371A-418A-954E-0B19B568EA57}.Debug|Any CPU.Build.0 = Debug|Any CPU
		{803B76E8-371A-418A-954E-0B19B568EA57}.Debug|x86.ActiveCfg = Debug|Any CPU
		{803B76E8-371A-418A-954E-0B19B568EA57}.Debug|x86.Build.0 = Debug|Any CPU
		{803B76E8-371A-418A-954E-0B19B568EA57}.Release|Any CPU.ActiveCfg = Release|Any CPU
		{803B76E8-371A-418A-954E-0B19B568EA57}.Release|Any CPU.Build.0 = Release|Any CPU
		{803B76E8-371A-418A-954E-0B19B568EA57}.Release|x86.ActiveCfg = Release|Any CPU
		{803B76E8-371A-418A-954E-0B19B568EA57}.Release|x86.Build.0 = Release|Any CPU
		{8B63E116-E41E-475B-8E94-EB3E5B21D926}.Debug|Any CPU.ActiveCfg = Debug|Any CPU
		{8B63E116-E41E-475B-8E94-EB3E5B21D926}.Debug|Any CPU.Build.0 = Debug|Any CPU
		{8B63E116-E41E-475B-8E94-EB3E5B21D926}.Debug|x86.ActiveCfg = Debug|Any CPU
		{8B63E116-E41E-475B-8E94-EB3E5B21D926}.Debug|x86.Build.0 = Debug|Any CPU
		{8B63E116-E41E-475B-8E94-EB3E5B21D926}.Release|Any CPU.ActiveCfg = Release|Any CPU
		{8B63E116-E41E-475B-8E94-EB3E5B21D926}.Release|Any CPU.Build.0 = Release|Any CPU
		{8B63E116-E41E-475B-8E94-EB3E5B21D926}.Release|x86.ActiveCfg = Release|Any CPU
		{8B63E116-E41E-475B-8E94-EB3E5B21D926}.Release|x86.Build.0 = Release|Any CPU
		{9DF95B3F-5D44-4E4B-893B-232E179DFA7F}.Debug|Any CPU.ActiveCfg = Debug|Any CPU
		{9DF95B3F-5D44-4E4B-893B-232E179DFA7F}.Debug|Any CPU.Build.0 = Debug|Any CPU
		{9DF95B3F-5D44-4E4B-893B-232E179DFA7F}.Debug|x86.ActiveCfg = Debug|Any CPU
		{9DF95B3F-5D44-4E4B-893B-232E179DFA7F}.Debug|x86.Build.0 = Debug|Any CPU
		{9DF95B3F-5D44-4E4B-893B-232E179DFA7F}.Release|Any CPU.ActiveCfg = Release|Any CPU
		{9DF95B3F-5D44-4E4B-893B-232E179DFA7F}.Release|Any CPU.Build.0 = Release|Any CPU
		{9DF95B3F-5D44-4E4B-893B-232E179DFA7F}.Release|x86.ActiveCfg = Release|Any CPU
		{9DF95B3F-5D44-4E4B-893B-232E179DFA7F}.Release|x86.Build.0 = Release|Any CPU
		{8289B2BE-E0F5-40C2-AB06-0A5083352757}.Debug|Any CPU.ActiveCfg = Debug|Any CPU
		{8289B2BE-E0F5-40C2-AB06-0A5083352757}.Debug|Any CPU.Build.0 = Debug|Any CPU
		{8289B2BE-E0F5-40C2-AB06-0A5083352757}.Debug|x86.ActiveCfg = Debug|Any CPU
		{8289B2BE-E0F5-40C2-AB06-0A5083352757}.Debug|x86.Build.0 = Debug|Any CPU
		{8289B2BE-E0F5-40C2-AB06-0A5083352757}.Release|Any CPU.ActiveCfg = Release|Any CPU
		{8289B2BE-E0F5-40C2-AB06-0A5083352757}.Release|Any CPU.Build.0 = Release|Any CPU
		{8289B2BE-E0F5-40C2-AB06-0A5083352757}.Release|x86.ActiveCfg = Release|Any CPU
		{8289B2BE-E0F5-40C2-AB06-0A5083352757}.Release|x86.Build.0 = Release|Any CPU
		{D5ACE214-C0F2-468F-964E-4E05D8FB75AB}.Debug|Any CPU.ActiveCfg = Debug|Any CPU
		{D5ACE214-C0F2-468F-964E-4E05D8FB75AB}.Debug|Any CPU.Build.0 = Debug|Any CPU
		{D5ACE214-C0F2-468F-964E-4E05D8FB75AB}.Debug|x86.ActiveCfg = Debug|Any CPU
		{D5ACE214-C0F2-468F-964E-4E05D8FB75AB}.Debug|x86.Build.0 = Debug|Any CPU
		{D5ACE214-C0F2-468F-964E-4E05D8FB75AB}.Release|Any CPU.ActiveCfg = Release|Any CPU
		{D5ACE214-C0F2-468F-964E-4E05D8FB75AB}.Release|Any CPU.Build.0 = Release|Any CPU
		{D5ACE214-C0F2-468F-964E-4E05D8FB75AB}.Release|x86.ActiveCfg = Release|Any CPU
		{D5ACE214-C0F2-468F-964E-4E05D8FB75AB}.Release|x86.Build.0 = Release|Any CPU
	EndGlobalSection
	GlobalSection(SolutionProperties) = preSolution
		HideSolutionNode = FALSE
	EndGlobalSection
	GlobalSection(NestedProjects) = preSolution
		{E646DCD0-4274-4363-9854-B61EAEDE5858} = {65D2D6D7-D5E9-4F1B-980F-D441438C47C9}
		{0EDE70C5-7703-49AD-A019-BE3EB8BA4118} = {C206063D-E21A-483B-A4DA-889B26BDB782}
		{DAE9EC69-9384-46C8-9897-A99B75BCCAB4} = {C206063D-E21A-483B-A4DA-889B26BDB782}
		{B8B43C7C-9225-4477-AD6C-919AAED2B998} = {65D2D6D7-D5E9-4F1B-980F-D441438C47C9}
		{6F3EFB9C-D8AF-490F-9AE5-5740ABDBD56A} = {5054F9BD-CEF8-44C3-BA6B-B36745297033}
		{81A985E9-22E5-46F7-94DF-A6669856991B} = {5054F9BD-CEF8-44C3-BA6B-B36745297033}
		{3F7F8451-75F0-471A-A83E-ACFA5F1F25F0} = {C2E2B542-E077-4962-A1F6-1FDD8930AB78}
		{FC79875A-2312-4227-AB15-2FD0CA811348} = {C2E2B542-E077-4962-A1F6-1FDD8930AB78}
		{5AE784FF-8622-46A3-A156-39E2FFA8A883} = {DAE9EC69-9384-46C8-9897-A99B75BCCAB4}
		{C4396657-DC12-4D0A-8816-C5D0DB025151} = {C2E2B542-E077-4962-A1F6-1FDD8930AB78}
		{77A5D8A9-E949-455E-8A6C-B0D95D0A101E} = {B8B43C7C-9225-4477-AD6C-919AAED2B998}
		{7968C09D-CAB1-4759-A81F-8D18B83A9393} = {5054F9BD-CEF8-44C3-BA6B-B36745297033}
		{09126E7A-153D-4356-809B-DABF75A59B1D} = {5054F9BD-CEF8-44C3-BA6B-B36745297033}
		{A2FE64BF-7479-4B13-ADA1-EA2E80A95E13} = {7B41AE89-EAB7-43CC-A775-213E368E4EA4}
		{ACD0FCE6-6ED4-4A58-8453-301DEDDBFC46} = {7B41AE89-EAB7-43CC-A775-213E368E4EA4}
		{DC46BD11-FEB3-454F-B700-AC148E69C76B} = {7B41AE89-EAB7-43CC-A775-213E368E4EA4}
		{94425B0A-2A99-45EF-BE6E-F2194ED8EF89} = {7B41AE89-EAB7-43CC-A775-213E368E4EA4}
		{F35D020E-E917-4996-9F36-D13C0B2E0C55} = {C206063D-E21A-483B-A4DA-889B26BDB782}
		{D4C6CACA-045D-44CA-86CA-217DD2F886F5} = {DAE9EC69-9384-46C8-9897-A99B75BCCAB4}
		{AF50BF7B-BD0A-4333-B1EA-FFE1EA58C20D} = {F35D020E-E917-4996-9F36-D13C0B2E0C55}
		{C0566288-41F4-4520-A46C-B8873F404D6E} = {F35D020E-E917-4996-9F36-D13C0B2E0C55}
		{083522DF-FB88-43A3-A386-755AE7CB530D} = {F35D020E-E917-4996-9F36-D13C0B2E0C55}
		{86F8567A-5C06-49DF-8CDA-D6CDD50B6360} = {5054F9BD-CEF8-44C3-BA6B-B36745297033}
		{803B76E8-371A-418A-954E-0B19B568EA57} = {5054F9BD-CEF8-44C3-BA6B-B36745297033}
		{8B63E116-E41E-475B-8E94-EB3E5B21D926} = {B8B43C7C-9225-4477-AD6C-919AAED2B998}
		{9DF95B3F-5D44-4E4B-893B-232E179DFA7F} = {B8B43C7C-9225-4477-AD6C-919AAED2B998}
		{8289B2BE-E0F5-40C2-AB06-0A5083352757} = {65D2D6D7-D5E9-4F1B-980F-D441438C47C9}
		{D5ACE214-C0F2-468F-964E-4E05D8FB75AB} = {B8B43C7C-9225-4477-AD6C-919AAED2B998}
	EndGlobalSection
	GlobalSection(ExtensibilityGlobals) = postSolution
		SolutionGuid = {2F42ADCA-F738-4569-AAE0-F1ACA0C2F6BC}
	EndGlobalSection
EndGlobal
